// !$*UTF8*$!
{
	archiveVersion = 1;
	classes = {
	};
	objectVersion = 50;
	objects = {

/* Begin PBXBuildFile section */
		FE1809DF252EAD16009242BE /* apple.png in Resources */ = {isa = PBXBuildFile; fileRef = FE1809DE252EAD16009242BE /* apple.png */; };
		FE24FE26252DBB8000A73844 /* AppDelegate.swift in Sources */ = {isa = PBXBuildFile; fileRef = FE24FE25252DBB8000A73844 /* AppDelegate.swift */; };
		FE24FE28252DBB8000A73844 /* SceneDelegate.swift in Sources */ = {isa = PBXBuildFile; fileRef = FE24FE27252DBB8000A73844 /* SceneDelegate.swift */; };
		FE24FE2A252DBB8000A73844 /* ViewController.swift in Sources */ = {isa = PBXBuildFile; fileRef = FE24FE29252DBB8000A73844 /* ViewController.swift */; };
		FE24FE2D252DBB8000A73844 /* Main.storyboard in Resources */ = {isa = PBXBuildFile; fileRef = FE24FE2B252DBB8000A73844 /* Main.storyboard */; };
		FE24FE2F252DBB9400A73844 /* Assets.xcassets in Resources */ = {isa = PBXBuildFile; fileRef = FE24FE2E252DBB9400A73844 /* Assets.xcassets */; };
		FE24FE32252DBB9400A73844 /* LaunchScreen.storyboard in Resources */ = {isa = PBXBuildFile; fileRef = FE24FE30252DBB9400A73844 /* LaunchScreen.storyboard */; };
/* End PBXBuildFile section */

/* Begin PBXFileReference section */
		FE1809DE252EAD16009242BE /* apple.png */ = {isa = PBXFileReference; lastKnownFileType = image.png; name = apple.png; path = ../../../../Downloads/apple.png; sourceTree = "<group>"; };
		FE24FE22252DBB8000A73844 /* NotificationIOS.app */ = {isa = PBXFileReference; explicitFileType = wrapper.application; includeInIndex = 0; path = NotificationIOS.app; sourceTree = BUILT_PRODUCTS_DIR; };
		FE24FE25252DBB8000A73844 /* AppDelegate.swift */ = {isa = PBXFileReference; lastKnownFileType = sourcecode.swift; path = AppDelegate.swift; sourceTree = "<group>"; };
		FE24FE27252DBB8000A73844 /* SceneDelegate.swift */ = {isa = PBXFileReference; lastKnownFileType = sourcecode.swift; path = SceneDelegate.swift; sourceTree = "<group>"; };
		FE24FE29252DBB8000A73844 /* ViewController.swift */ = {isa = PBXFileReference; lastKnownFileType = sourcecode.swift; path = ViewController.swift; sourceTree = "<group>"; };
		FE24FE2C252DBB8000A73844 /* Base */ = {isa = PBXFileReference; lastKnownFileType = file.storyboard; name = Base; path = Base.lproj/Main.storyboard; sourceTree = "<group>"; };
		FE24FE2E252DBB9400A73844 /* Assets.xcassets */ = {isa = PBXFileReference; lastKnownFileType = folder.assetcatalog; path = Assets.xcassets; sourceTree = "<group>"; };
		FE24FE31252DBB9400A73844 /* Base */ = {isa = PBXFileReference; lastKnownFileType = file.storyboard; name = Base; path = Base.lproj/LaunchScreen.storyboard; sourceTree = "<group>"; };
		FE24FE33252DBB9400A73844 /* Info.plist */ = {isa = PBXFileReference; lastKnownFileType = text.plist.xml; path = Info.plist; sourceTree = "<group>"; };
/* End PBXFileReference section */

/* Begin PBXFrameworksBuildPhase section */
		FE24FE1F252DBB8000A73844 /* Frameworks */ = {
			isa = PBXFrameworksBuildPhase;
			buildActionMask = 2147483647;
			files = (
			);
			runOnlyForDeploymentPostprocessing = 0;
		};
/* End PBXFrameworksBuildPhase section */

/* Begin PBXGroup section */
		FE24FE19252DBB8000A73844 = {
			isa = PBXGroup;
			children = (
				FE24FE24252DBB8000A73844 /* NotificationIOS */,
				FE24FE23252DBB8000A73844 /* Products */,
			);
			sourceTree = "<group>";
		};
		FE24FE23252DBB8000A73844 /* Products */ = {
			isa = PBXGroup;
			children = (
				FE24FE22252DBB8000A73844 /* NotificationIOS.app */,
			);
			name = Products;
			sourceTree = "<group>";
		};
		FE24FE24252DBB8000A73844 /* NotificationIOS */ = {
			isa = PBXGroup;
			children = (
				FE1809DE252EAD16009242BE /* apple.png */,
				FE24FE25252DBB8000A73844 /* AppDelegate.swift */,
				FE24FE27252DBB8000A73844 /* SceneDelegate.swift */,
				FE24FE29252DBB8000A73844 /* ViewController.swift */,
				FE24FE2B252DBB8000A73844 /* Main.storyboard */,
				FE24FE2E252DBB9400A73844 /* Assets.xcassets */,
				FE24FE30252DBB9400A73844 /* LaunchScreen.storyboard */,
				FE24FE33252DBB9400A73844 /* Info.plist */,
			);
			path = NotificationIOS;
			sourceTree = "<group>";
		};
/* End PBXGroup section */

/* Begin PBXNativeTarget section */
		FE24FE21252DBB8000A73844 /* NotificationIOS */ = {
			isa = PBXNativeTarget;
			buildConfigurationList = FE24FE36252DBB9400A73844 /* Build configuration list for PBXNativeTarget "NotificationIOS" */;
			buildPhases = (
				FE24FE1E252DBB8000A73844 /* Sources */,
				FE24FE1F252DBB8000A73844 /* Frameworks */,
				FE24FE20252DBB8000A73844 /* Resources */,
			);
			buildRules = (
			);
			dependencies = (
			);
			name = NotificationIOS;
			productName = NotificationIOS;
			productReference = FE24FE22252DBB8000A73844 /* NotificationIOS.app */;
			productType = "com.apple.product-type.application";
		};
/* End PBXNativeTarget section */

/* Begin PBXProject section */
		FE24FE1A252DBB8000A73844 /* Project object */ = {
			isa = PBXProject;
			attributes = {
				LastSwiftUpdateCheck = 1170;
				LastUpgradeCheck = 1170;
				ORGANIZATIONNAME = Cooli;
				TargetAttributes = {
					FE24FE21252DBB8000A73844 = {
						CreatedOnToolsVersion = 11.7;
					};
				};
			};
			buildConfigurationList = FE24FE1D252DBB8000A73844 /* Build configuration list for PBXProject "NotificationIOS" */;
			compatibilityVersion = "Xcode 9.3";
			developmentRegion = en;
			hasScannedForEncodings = 0;
			knownRegions = (
				en,
				Base,
			);
			mainGroup = FE24FE19252DBB8000A73844;
			productRefGroup = FE24FE23252DBB8000A73844 /* Products */;
			projectDirPath = "";
			projectRoot = "";
			targets = (
				FE24FE21252DBB8000A73844 /* NotificationIOS */,
			);
		};
/* End PBXProject section */

/* Begin PBXResourcesBuildPhase section */
		FE24FE20252DBB8000A73844 /* Resources */ = {
			isa = PBXResourcesBuildPhase;
			buildActionMask = 2147483647;
			files = (
				FE24FE32252DBB9400A73844 /* LaunchScreen.storyboard in Resources */,
				FE24FE2F252DBB9400A73844 /* Assets.xcassets in Resources */,
				FE1809DF252EAD16009242BE /* apple.png in Resources */,
				FE24FE2D252DBB8000A73844 /* Main.storyboard in Resources */,
			);
			runOnlyForDeploymentPostprocessing = 0;
		};
/* End PBXResourcesBuildPhase section */

/* Begin PBXSourcesBuildPhase section */
		FE24FE1E252DBB8000A73844 /* Sources */ = {
			isa = PBXSourcesBuildPhase;
			buildActionMask = 2147483647;
			files = (
				FE24FE2A252DBB8000A73844 /* ViewController.swift in Sources */,
				FE24FE26252DBB8000A73844 /* AppDelegate.swift in Sources */,
				FE24FE28252DBB8000A73844 /* SceneDelegate.swift in Sources */,
			);
			runOnlyForDeploymentPostprocessing = 0;
		};
/* End PBXSourcesBuildPhase section */

/* Begin PBXVariantGroup section */
		FE24FE2B252DBB8000A73844 /* Main.storyboard */ = {
			isa = PBXVariantGroup;
			children = (
				FE24FE2C252DBB8000A73844 /* Base */,
			);
			name = Main.storyboard;
			sourceTree = "<group>";
		};
		FE24FE30252DBB9400A73844 /* LaunchScreen.storyboard */ = {
			isa = PBXVariantGroup;
			children = (
				FE24FE31252DBB9400A73844 /* Base */,
			);
			name = LaunchScreen.storyboard;
			sourceTree = "<group>";
		};
/* End PBXVariantGroup section */

/* Begin XCBuildConfiguration section */
		FE24FE34252DBB9400A73844 /* Debug */ = {
			isa = XCBuildConfiguration;
			buildSettings = {
				ALWAYS_SEARCH_USER_PATHS = NO;
				CLANG_ANALYZER_NONNULL = YES;
				CLANG_ANALYZER_NUMBER_OBJECT_CONVERSION = YES_AGGRESSIVE;
				CLANG_CXX_LANGUAGE_STANDARD = "gnu++14";
				CLANG_CXX_LIBRARY = "libc++";
				CLANG_ENABLE_MODULES = YES;
				CLANG_ENABLE_OBJC_ARC = YES;
				CLANG_ENABLE_OBJC_WEAK = YES;
				CLANG_WARN_BLOCK_CAPTURE_AUTORELEASING = YES;
				CLANG_WARN_BOOL_CONVERSION = YES;
				CLANG_WARN_COMMA = YES;
				CLANG_WARN_CONSTANT_CONVERSION = YES;
				CLANG_WARN_DEPRECATED_OBJC_IMPLEMENTATIONS = YES;
				CLANG_WARN_DIRECT_OBJC_ISA_USAGE = YES_ERROR;
				CLANG_WARN_DOCUMENTATION_COMMENTS = YES;
				CLANG_WARN_EMPTY_BODY = YES;
				CLANG_WARN_ENUM_CONVERSION = YES;
				CLANG_WARN_INFINITE_RECURSION = YES;
				CLANG_WARN_INT_CONVERSION = YES;
				CLANG_WARN_NON_LITERAL_NULL_CONVERSION = YES;
				CLANG_WARN_OBJC_IMPLICIT_RETAIN_SELF = YES;
				CLANG_WARN_OBJC_LITERAL_CONVERSION = YES;
				CLANG_WARN_OBJC_ROOT_CLASS = YES_ERROR;
				CLANG_WARN_RANGE_LOOP_ANALYSIS = YES;
				CLANG_WARN_STRICT_PROTOTYPES = YES;
				CLANG_WARN_SUSPICIOUS_MOVE = YES;
				CLANG_WARN_UNGUARDED_AVAILABILITY = YES_AGGRESSIVE;
				CLANG_WARN_UNREACHABLE_CODE = YES;
				CLANG_WARN__DUPLICATE_METHOD_MATCH = YES;
				COPY_PHASE_STRIP = NO;
				DEBUG_INFORMATION_FORMAT = dwarf;
				ENABLE_STRICT_OBJC_MSGSEND = YES;
				ENABLE_TESTABILITY = YES;
				GCC_C_LANGUAGE_STANDARD = gnu11;
				GCC_DYNAMIC_NO_PIC = NO;
				GCC_NO_COMMON_BLOCKS = YES;
				GCC_OPTIMIZATION_LEVEL = 0;
				GCC_PREPROCESSOR_DEFINITIONS = (
					"DEBUG=1",
					"$(inherited)",
				);
				GCC_WARN_64_TO_32_BIT_CONVERSION = YES;
				GCC_WARN_ABOUT_RETURN_TYPE = YES_ERROR;
				GCC_WARN_UNDECLARED_SELECTOR = YES;
				GCC_WARN_UNINITIALIZED_AUTOS = YES_AGGRESSIVE;
				GCC_WARN_UNUSED_FUNCTION = YES;
				GCC_WARN_UNUSED_VARIABLE = YES;
				IPHONEOS_DEPLOYMENT_TARGET = 13.7;
				MTL_ENABLE_DEBUG_INFO = INCLUDE_SOURCE;
				MTL_FAST_MATH = YES;
				ONLY_ACTIVE_ARCH = YES;
				SDKROOT = iphoneos;
				SWIFT_ACTIVE_COMPILATION_CONDITIONS = DEBUG;
				SWIFT_OPTIMIZATION_LEVEL = "-Onone";
			};
			name = Debug;
		};
		FE24FE35252DBB9400A73844 /* Release */ = {
			isa = XCBuildConfiguration;
			buildSettings = {
				ALWAYS_SEARCH_USER_PATHS = NO;
				CLANG_ANALYZER_NONNULL = YES;
				CLANG_ANALYZER_NUMBER_OBJECT_CONVERSION = YES_AGGRESSIVE;
				CLANG_CXX_LANGUAGE_STANDARD = "gnu++14";
				CLANG_CXX_LIBRARY = "libc++";
				CLANG_ENABLE_MODULES = YES;
				CLANG_ENABLE_OBJC_ARC = YES;
				CLANG_ENABLE_OBJC_WEAK = YES;
				CLANG_WARN_BLOCK_CAPTURE_AUTORELEASING = YES;
				CLANG_WARN_BOOL_CONVERSION = YES;
				CLANG_WARN_COMMA = YES;
				CLANG_WARN_CONSTANT_CONVERSION = YES;
				CLANG_WARN_DEPRECATED_OBJC_IMPLEMENTATIONS = YES;
				CLANG_WARN_DIRECT_OBJC_ISA_USAGE = YES_ERROR;
				CLANG_WARN_DOCUMENTATION_COMMENTS = YES;
				CLANG_WARN_EMPTY_BODY = YES;
				CLANG_WARN_ENUM_CONVERSION = YES;
				CLANG_WARN_INFINITE_RECURSION = YES;
				CLANG_WARN_INT_CONVERSION = YES;
				CLANG_WARN_NON_LITERAL_NULL_CONVERSION = YES;
				CLANG_WARN_OBJC_IMPLICIT_RETAIN_SELF = YES;
				CLANG_WARN_OBJC_LITERAL_CONVERSION = YES;
				CLANG_WARN_OBJC_ROOT_CLASS = YES_ERROR;
				CLANG_WARN_RANGE_LOOP_ANALYSIS = YES;
				CLANG_WARN_STRICT_PROTOTYPES = YES;
				CLANG_WARN_SUSPICIOUS_MOVE = YES;
				CLANG_WARN_UNGUARDED_AVAILABILITY = YES_AGGRESSIVE;
				CLANG_WARN_UNREACHABLE_CODE = YES;
				CLANG_WARN__DUPLICATE_METHOD_MATCH = YES;
				COPY_PHASE_STRIP = NO;
				DEBUG_INFORMATION_FORMAT = "dwarf-with-dsym";
				ENABLE_NS_ASSERTIONS = NO;
				ENABLE_STRICT_OBJC_MSGSEND = YES;
				GCC_C_LANGUAGE_STANDARD = gnu11;
				GCC_NO_COMMON_BLOCKS = YES;
				GCC_WARN_64_TO_32_BIT_CONVERSION = YES;
				GCC_WARN_ABOUT_RETURN_TYPE = YES_ERROR;
				GCC_WARN_UNDECLARED_SELECTOR = YES;
				GCC_WARN_UNINITIALIZED_AUTOS = YES_AGGRESSIVE;
				GCC_WARN_UNUSED_FUNCTION = YES;
				GCC_WARN_UNUSED_VARIABLE = YES;
				IPHONEOS_DEPLOYMENT_TARGET = 13.7;
				MTL_ENABLE_DEBUG_INFO = NO;
				MTL_FAST_MATH = YES;
				SDKROOT = iphoneos;
				SWIFT_COMPILATION_MODE = wholemodule;
				SWIFT_OPTIMIZATION_LEVEL = "-O";
				VALIDATE_PRODUCT = YES;
			};
			name = Release;
		};
		FE24FE37252DBB9400A73844 /* Debug */ = {
			isa = XCBuildConfiguration;
			buildSettings = {
				ASSETCATALOG_COMPILER_APPICON_NAME = AppIcon;
				CODE_SIGN_STYLE = Automatic;
				DEVELOPMENT_TEAM = 3R8TSZRTDJ;
				INFOPLIST_FILE = NotificationIOS/Info.plist;
				LD_RUNPATH_SEARCH_PATHS = (
					"$(inherited)",
					"@executable_path/Frameworks",
				);
				PRODUCT_BUNDLE_IDENTIFIER = com.practice.NotificationIOS;
				PRODUCT_NAME = "$(TARGET_NAME)";
				SWIFT_VERSION = 5.0;
				TARGETED_DEVICE_FAMILY = "1,2";
			};
			name = Debug;
		};
		FE24FE38252DBB9400A73844 /* Release */ = {
			isa = XCBuildConfiguration;
			buildSettings = {
				ASSETCATALOG_COMPILER_APPICON_NAME = AppIcon;
				CODE_SIGN_STYLE = Automatic;
				DEVELOPMENT_TEAM = 3R8TSZRTDJ;
				INFOPLIST_FILE = NotificationIOS/Info.plist;
				LD_RUNPATH_SEARCH_PATHS = (
					"$(inherited)",
					"@executable_path/Frameworks",
				);
				PRODUCT_BUNDLE_IDENTIFIER = com.practice.NotificationIOS;
				PRODUCT_NAME = "$(TARGET_NAME)";
				SWIFT_VERSION = 5.0;
				TARGETED_DEVICE_FAMILY = "1,2";
			};
			name = Release;
		};
/* End XCBuildConfiguration section */

/* Begin XCConfigurationList section */
		FE24FE1D252DBB8000A73844 /* Build configuration list for PBXProject "NotificationIOS" */ = {
			isa = XCConfigurationList;
			buildConfigurations = (
				FE24FE34252DBB9400A73844 /* Debug */,
				FE24FE35252DBB9400A73844 /* Release */,
			);
			defaultConfigurationIsVisible = 0;
			defaultConfigurationName = Release;
		};
		FE24FE36252DBB9400A73844 /* Build configuration list for PBXNativeTarget "NotificationIOS" */ = {
			isa = XCConfigurationList;
			buildConfigurations = (
				FE24FE37252DBB9400A73844 /* Debug */,
				FE24FE38252DBB9400A73844 /* Release */,
			);
			defaultConfigurationIsVisible = 0;
			defaultConfigurationName = Release;
		};
/* End XCConfigurationList section */
	};
	rootObject = FE24FE1A252DBB8000A73844 /* Project object */;
}
